<?xml version="1.0" encoding="utf-8"?>
<Project ToolsVersion="4.0" xmlns="http://schemas.microsoft.com/developer/msbuild/2003">
  <ItemGroup>
    <Filter Include="소스 파일">
      <UniqueIdentifier>{4FC737F1-C7A5-4376-A066-2A32D752A2FF}</UniqueIdentifier>
      <Extensions>cpp;c;cc;cxx;c++;cppm;ixx;def;odl;idl;hpj;bat;asm;asmx</Extensions>
    </Filter>
    <Filter Include="헤더 파일">
      <UniqueIdentifier>{93995380-89BD-4b04-88EB-625FBE52EBFB}</UniqueIdentifier>
      <Extensions>h;hh;hpp;hxx;h++;hm;inl;inc;ipp;xsd</Extensions>
    </Filter>
    <Filter Include="리소스 파일">
      <UniqueIdentifier>{67DA6AB6-F800-4c08-8B7A-83BB121AAD01}</UniqueIdentifier>
      <Extensions>rc;ico;cur;bmp;dlg;rc2;rct;bin;rgs;gif;jpg;jpeg;jpe;resx;tiff;tif;png;wav;mfcribbon-ms</Extensions>
    </Filter>
    <Filter Include="소스 파일\manager">
      <UniqueIdentifier>{be76a220-8c22-4d7d-81c9-daecd59a5210}</UniqueIdentifier>
    </Filter>
    <Filter Include="헤더 파일\manager">
      <UniqueIdentifier>{724b665a-173f-47bf-88d6-2dfba0101714}</UniqueIdentifier>
    </Filter>
    <Filter Include="소스 파일\ogldev">
      <UniqueIdentifier>{702c759b-3f32-448d-90fb-90c74d77b80c}</UniqueIdentifier>
    </Filter>
    <Filter Include="헤더 파일\ogldev">
      <UniqueIdentifier>{3593948d-b274-4f90-8fb1-153ddef63fc8}</UniqueIdentifier>
    </Filter>
    <Filter Include="리소스 파일\assets">
      <UniqueIdentifier>{f308d168-948b-4261-9275-da50b308ceb1}</UniqueIdentifier>
    </Filter>
    <Filter Include="리소스 파일\assets\shaders">
      <UniqueIdentifier>{7cf3a073-c40b-43ec-85f4-792e539a2d49}</UniqueIdentifier>
    </Filter>
    <Filter Include="리소스 파일\assets\textures">
      <UniqueIdentifier>{66b235b8-7963-4e50-b434-c1e20d9823f5}</UniqueIdentifier>
    </Filter>
    <Filter Include="리소스 파일\assets\models">
      <UniqueIdentifier>{9efb1568-3d7d-4ec5-81cd-03c023a53278}</UniqueIdentifier>
    </Filter>
    <Filter Include="헤더 파일\shader">
      <UniqueIdentifier>{7610be74-deaa-47de-a48b-387e16c70044}</UniqueIdentifier>
    </Filter>
    <Filter Include="소스 파일\shader">
      <UniqueIdentifier>{f47e1dc2-e7e6-4122-be47-eb31824ccfef}</UniqueIdentifier>
    </Filter>
    <Filter Include="common">
      <UniqueIdentifier>{b6c6477f-dbbc-49c8-8c86-1f9afdb2b85d}</UniqueIdentifier>
    </Filter>
    <Filter Include="소스 파일\terrain">
      <UniqueIdentifier>{a8a509ed-5baa-4e84-af75-34be973a1474}</UniqueIdentifier>
    </Filter>
    <Filter Include="헤더 파일\terrain">
      <UniqueIdentifier>{4523182e-0a9a-4451-88f3-d843de6cfc2a}</UniqueIdentifier>
    </Filter>
  </ItemGroup>
  <ItemGroup>
    <ClCompile Include="main.cpp">
      <Filter>소스 파일</Filter>
    </ClCompile>
    <ClCompile Include="G_WindowMgr.cpp">
      <Filter>소스 파일\manager</Filter>
    </ClCompile>
    <ClCompile Include="G_Scene.cpp">
      <Filter>소스 파일</Filter>
    </ClCompile>
    <ClCompile Include="G_InputMgr.cpp">
      <Filter>소스 파일\manager</Filter>
    </ClCompile>
    <ClCompile Include="G_Renderer.cpp">
      <Filter>소스 파일</Filter>
    </ClCompile>
    <ClCompile Include="G_CameraMgr.cpp">
      <Filter>소스 파일\manager</Filter>
    </ClCompile>
    <ClCompile Include="dependencies\ogldev\math_3d.cpp">
      <Filter>소스 파일\ogldev</Filter>
    </ClCompile>
    <ClCompile Include="dependencies\ogldev\ogldev_atb.cpp">
      <Filter>소스 파일\ogldev</Filter>
    </ClCompile>
    <ClCompile Include="dependencies\ogldev\ogldev_basic_glfw_camera.cpp">
      <Filter>소스 파일\ogldev</Filter>
    </ClCompile>
    <ClCompile Include="dependencies\ogldev\ogldev_basic_lighting.cpp">
      <Filter>소스 파일\ogldev</Filter>
    </ClCompile>
    <ClCompile Include="dependencies\ogldev\ogldev_basic_mesh.cpp">
      <Filter>소스 파일\ogldev</Filter>
    </ClCompile>
    <ClCompile Include="dependencies\ogldev\ogldev_new_lighting.cpp">
      <Filter>소스 파일\ogldev</Filter>
    </ClCompile>
    <ClCompile Include="dependencies\ogldev\ogldev_shadow_mapping_technique.cpp">
      <Filter>소스 파일\ogldev</Filter>
    </ClCompile>
    <ClCompile Include="dependencies\ogldev\ogldev_skinned_mesh.cpp">
      <Filter>소스 파일\ogldev</Filter>
    </ClCompile>
    <ClCompile Include="dependencies\ogldev\ogldev_skinning_technique.cpp">
      <Filter>소스 파일\ogldev</Filter>
    </ClCompile>
    <ClCompile Include="dependencies\ogldev\ogldev_texture.cpp">
      <Filter>소스 파일\ogldev</Filter>
    </ClCompile>
    <ClCompile Include="dependencies\ogldev\ogldev_util.cpp">
      <Filter>소스 파일\ogldev</Filter>
    </ClCompile>
    <ClCompile Include="dependencies\ogldev\ogldev_world_transform.cpp">
      <Filter>소스 파일\ogldev</Filter>
    </ClCompile>
    <ClCompile Include="dependencies\ogldev\stb_image.cpp">
      <Filter>소스 파일\ogldev</Filter>
    </ClCompile>
    <ClCompile Include="dependencies\ogldev\technique.cpp">
      <Filter>소스 파일\ogldev</Filter>
    </ClCompile>
    <ClCompile Include="dependencies\ogldev\ogldev_framebuffer.cpp">
      <Filter>소스 파일\ogldev</Filter>
    </ClCompile>
    <ClCompile Include="default_fbo_technique.cpp">
      <Filter>소스 파일\shader</Filter>
    </ClCompile>
    <ClCompile Include="G_Lights.cpp">
      <Filter>소스 파일</Filter>
    </ClCompile>
    <ClCompile Include="G_ModelMgr.cpp">
      <Filter>소스 파일\manager</Filter>
    </ClCompile>
    <ClCompile Include="G_TerrainMgr.cpp">
      <Filter>소스 파일\manager</Filter>
    </ClCompile>
    <ClCompile Include="G_InstanceMgr.cpp">
      <Filter>소스 파일</Filter>
    </ClCompile>
  </ItemGroup>
  <ItemGroup>
    <ClInclude Include="G_WindowMgr.h">
      <Filter>헤더 파일\manager</Filter>
    </ClInclude>
    <ClInclude Include="G_Scene.h">
      <Filter>헤더 파일</Filter>
    </ClInclude>
    <ClInclude Include="G_InputMgr.h">
      <Filter>헤더 파일\manager</Filter>
    </ClInclude>
    <ClInclude Include="G_Renderer.h">
      <Filter>헤더 파일</Filter>
    </ClInclude>
    <ClInclude Include="G_CameraMgr.h">
      <Filter>헤더 파일\manager</Filter>
    </ClInclude>
    <ClInclude Include="dependencies\ogldev\ogldev_atb.h">
      <Filter>헤더 파일\ogldev</Filter>
    </ClInclude>
    <ClInclude Include="dependencies\ogldev\ogldev_basic_glfw_camera.h">
      <Filter>헤더 파일\ogldev</Filter>
    </ClInclude>
    <ClInclude Include="dependencies\ogldev\ogldev_basic_lighting.h">
      <Filter>헤더 파일\ogldev</Filter>
    </ClInclude>
    <ClInclude Include="dependencies\ogldev\ogldev_basic_mesh.h">
      <Filter>헤더 파일\ogldev</Filter>
    </ClInclude>
    <ClInclude Include="dependencies\ogldev\ogldev_engine_common.h">
      <Filter>헤더 파일\ogldev</Filter>
    </ClInclude>
    <ClInclude Include="dependencies\ogldev\ogldev_keys.h">
      <Filter>헤더 파일\ogldev</Filter>
    </ClInclude>
    <ClInclude Include="dependencies\ogldev\ogldev_lights_common.h">
      <Filter>헤더 파일\ogldev</Filter>
    </ClInclude>
    <ClInclude Include="dependencies\ogldev\ogldev_material.h">
      <Filter>헤더 파일\ogldev</Filter>
    </ClInclude>
    <ClInclude Include="dependencies\ogldev\ogldev_math_3d.h">
      <Filter>헤더 파일\ogldev</Filter>
    </ClInclude>
    <ClInclude Include="dependencies\ogldev\ogldev_mesh_common.h">
      <Filter>헤더 파일\ogldev</Filter>
    </ClInclude>
    <ClInclude Include="dependencies\ogldev\ogldev_new_lighting.h">
      <Filter>헤더 파일\ogldev</Filter>
    </ClInclude>
    <ClInclude Include="dependencies\ogldev\ogldev_shadow_mapping_technique.h">
      <Filter>헤더 파일\ogldev</Filter>
    </ClInclude>
    <ClInclude Include="dependencies\ogldev\ogldev_skinned_mesh.h">
      <Filter>헤더 파일\ogldev</Filter>
    </ClInclude>
    <ClInclude Include="dependencies\ogldev\ogldev_skinning_technique.h">
      <Filter>헤더 파일\ogldev</Filter>
    </ClInclude>
    <ClInclude Include="dependencies\ogldev\ogldev_texture.h">
      <Filter>헤더 파일\ogldev</Filter>
    </ClInclude>
    <ClInclude Include="dependencies\ogldev\ogldev_types.h">
      <Filter>헤더 파일\ogldev</Filter>
    </ClInclude>
    <ClInclude Include="dependencies\ogldev\ogldev_util.h">
      <Filter>헤더 파일\ogldev</Filter>
    </ClInclude>
    <ClInclude Include="dependencies\ogldev\ogldev_world_transform.h">
      <Filter>헤더 파일\ogldev</Filter>
    </ClInclude>
    <ClInclude Include="dependencies\ogldev\stb_image.h">
      <Filter>헤더 파일\ogldev</Filter>
    </ClInclude>
    <ClInclude Include="dependencies\ogldev\stb_image_write.h">
      <Filter>헤더 파일\ogldev</Filter>
    </ClInclude>
    <ClInclude Include="dependencies\ogldev\technique.h">
      <Filter>헤더 파일\ogldev</Filter>
    </ClInclude>
    <ClInclude Include="dependencies\ogldev\ogldev_framebuffer.h">
      <Filter>헤더 파일\ogldev</Filter>
    </ClInclude>
    <ClInclude Include="default_fbo_technique.h">
      <Filter>헤더 파일\shader</Filter>
    </ClInclude>
    <ClInclude Include="dependencies\ogldev\ogldev_save_viewport.h">
      <Filter>헤더 파일\ogldev</Filter>
    </ClInclude>
    <ClInclude Include="G_Lights.h">
      <Filter>헤더 파일</Filter>
    </ClInclude>
    <ClInclude Include="G_TerrainMgr.h">
      <Filter>헤더 파일\manager</Filter>
    </ClInclude>
    <ClInclude Include="G_ModelMgr.h">
      <Filter>헤더 파일\manager</Filter>
    </ClInclude>
    <ClInclude Include="common.hpp">
      <Filter>common</Filter>
    </ClInclude>
    <ClInclude Include="model_path.hpp">
      <Filter>common</Filter>
    </ClInclude>
    <ClInclude Include="terrain_path.hpp">
      <Filter>common</Filter>
    </ClInclude>
    <ClInclude Include="G_InstanceMgr.h">
      <Filter>헤더 파일</Filter>
    </ClInclude>
  </ItemGroup>
  <ItemGroup>
    <None Include="resource\assets\shaders\default_FBO.fs">
      <Filter>리소스 파일\assets\shaders</Filter>
    </None>
    <None Include="resource\assets\shaders\default_FBO.vs">
      <Filter>리소스 파일\assets\shaders</Filter>
    </None>
    <None Include="resource\assets\shaders\lighting_new.fs">
      <Filter>리소스 파일\assets\shaders</Filter>
    </None>
    <None Include="resource\assets\shaders\skinning.vs">
      <Filter>리소스 파일\assets\shaders</Filter>
    </None>
  </ItemGroup>
</Project>